
Microsoft Visual Studio Solution File, Format Version 12.00
# Visual Studio Version 17
VisualStudioVersion = 17.7.34031.279
MinimumVisualStudioVersion = 10.0.40219.1
Project("{FAE04EC0-301F-11D3-BF4B-00C04F79EFBC}") = "ThreeJsTest", "ThreeJsTest\ThreeJsTest.csproj", "{8BD4C4E1-BE91-459D-93FC-BD043BF9735B}"
EndProject
Global
	GlobalSection(SolutionConfigurationPlatforms) = preSolution
		Debug|Any CPU = Debug|Any CPU
		Release|Any CPU = Release|Any CPU
	EndGlobalSection
	GlobalSection(ProjectConfigurationPlatforms) = postSolution
		{8BD4C4E1-BE91-459D-93FC-BD043BF9735B}.Debug|Any CPU.ActiveCfg = Debug|Any CPU
		{8BD4C4E1-BE91-459D-93FC-BD043BF9735B}.Debug|Any CPU.Build.0 = Debug|Any CPU
		{8BD4C4E1-BE91-459D-93FC-BD043BF9735B}.Release|Any CPU.ActiveCfg = Release|Any CPU
		{8BD4C4E1-BE91-459D-93FC-BD043BF9735B}.Release|Any CPU.Build.0 = Release|Any CPU
	EndGlobalSection
	GlobalSection(SolutionProperties) = preSolution
		HideSolutionNode = FALSE
	EndGlobalSection
	GlobalSection(ExtensibilityGlobals) = postSolution
		SolutionGuid = {5B54338D-FB0E-4627-BF3C-B49A30B79FD5}
	EndGlobalSection
EndGlobal
